
Microsoft Visual Studio Solution File, Format Version 11.00
# Visual Studio 2010
Project("{F184B08F-C81C-45F6-A57F-5ABD9991F28F}") = "AccessModifierApplication", "AccessModifierApplication\AccessModifierApplication.vbproj", "{5B53A4A3-4379-4C9A-8928-69AA30E4A93A}"
EndProject
Project("{F184B08F-C81C-45F6-A57F-5ABD9991F28F}") = "SampleClasses", "SampleClasses\SampleClasses.vbproj", "{9BD49F61-A150-4B25-9C93-19771FBAE04C}"
EndProject
Global
	GlobalSection(SolutionConfigurationPlatforms) = preSolution
		Debug|Any CPU = Debug|Any CPU
		Debug|Mixed Platforms = Debug|Mixed Platforms
		Debug|x86 = Debug|x86
		Release|Any CPU = Release|Any CPU
		Release|Mixed Platforms = Release|Mixed Platforms
		Release|x86 = Release|x86
	EndGlobalSection
	GlobalSection(ProjectConfigurationPlatforms) = postSolution
		{5B53A4A3-4379-4C9A-8928-69AA30E4A93A}.Debug|Any CPU.ActiveCfg = Debug|x86
		{5B53A4A3-4379-4C9A-8928-69AA30E4A93A}.Debug|Mixed Platforms.ActiveCfg = Debug|x86
		{5B53A4A3-4379-4C9A-8928-69AA30E4A93A}.Debug|Mixed Platforms.Build.0 = Debug|x86
		{5B53A4A3-4379-4C9A-8928-69AA30E4A93A}.Debug|x86.ActiveCfg = Debug|x86
		{5B53A4A3-4379-4C9A-8928-69AA30E4A93A}.Debug|x86.Build.0 = Debug|x86
		{5B53A4A3-4379-4C9A-8928-69AA30E4A93A}.Release|Any CPU.ActiveCfg = Release|x86
		{5B53A4A3-4379-4C9A-8928-69AA30E4A93A}.Release|Mixed Platforms.ActiveCfg = Release|x86
		{5B53A4A3-4379-4C9A-8928-69AA30E4A93A}.Release|Mixed Platforms.Build.0 = Release|x86
		{5B53A4A3-4379-4C9A-8928-69AA30E4A93A}.Release|x86.ActiveCfg = Release|x86
		{5B53A4A3-4379-4C9A-8928-69AA30E4A93A}.Release|x86.Build.0 = Release|x86
		{9BD49F61-A150-4B25-9C93-19771FBAE04C}.Debug|Any CPU.ActiveCfg = Debug|Any CPU
		{9BD49F61-A150-4B25-9C93-19771FBAE04C}.Debug|Any CPU.Build.0 = Debug|Any CPU
		{9BD49F61-A150-4B25-9C93-19771FBAE04C}.Debug|Mixed Platforms.ActiveCfg = Debug|Any CPU
		{9BD49F61-A150-4B25-9C93-19771FBAE04C}.Debug|Mixed Platforms.Build.0 = Debug|Any CPU
		{9BD49F61-A150-4B25-9C93-19771FBAE04C}.Debug|x86.ActiveCfg = Debug|Any CPU
		{9BD49F61-A150-4B25-9C93-19771FBAE04C}.Release|Any CPU.ActiveCfg = Release|Any CPU
		{9BD49F61-A150-4B25-9C93-19771FBAE04C}.Release|Any CPU.Build.0 = Release|Any CPU
		{9BD49F61-A150-4B25-9C93-19771FBAE04C}.Release|Mixed Platforms.ActiveCfg = Release|Any CPU
		{9BD49F61-A150-4B25-9C93-19771FBAE04C}.Release|Mixed Platforms.Build.0 = Release|Any CPU
		{9BD49F61-A150-4B25-9C93-19771FBAE04C}.Release|x86.ActiveCfg = Release|Any CPU
	EndGlobalSection
	GlobalSection(SolutionProperties) = preSolution
		HideSolutionNode = FALSE
	EndGlobalSection
EndGlobal
