
Microsoft Visual Studio Solution File, Format Version 11.00
# Visual Studio 2010
Project("{F184B08F-C81C-45F6-A57F-5ABD9991F28F}") = "TestHarness", "TestHarness\TestHarness.vbproj", "{97D2589C-456A-46FD-8E69-5ECE9D6D4A54}"
EndProject
Project("{F184B08F-C81C-45F6-A57F-5ABD9991F28F}") = "GaussianElimination", "GaussianElimination\GaussianElimination.vbproj", "{B061F5F3-EF65-4A3C-8A8A-99032BA8D34C}"
EndProject
Global
	GlobalSection(SolutionConfigurationPlatforms) = preSolution
		Debug|Any CPU = Debug|Any CPU
		Debug|Mixed Platforms = Debug|Mixed Platforms
		Debug|x86 = Debug|x86
		Release|Any CPU = Release|Any CPU
		Release|Mixed Platforms = Release|Mixed Platforms
		Release|x86 = Release|x86
	EndGlobalSection
	GlobalSection(ProjectConfigurationPlatforms) = postSolution
		{B061F5F3-EF65-4A3C-8A8A-99032BA8D34C}.Debug|Any CPU.ActiveCfg = Debug|Any CPU
		{B061F5F3-EF65-4A3C-8A8A-99032BA8D34C}.Debug|Any CPU.Build.0 = Debug|Any CPU
		{B061F5F3-EF65-4A3C-8A8A-99032BA8D34C}.Debug|Mixed Platforms.ActiveCfg = Debug|Any CPU
		{B061F5F3-EF65-4A3C-8A8A-99032BA8D34C}.Debug|Mixed Platforms.Build.0 = Debug|Any CPU
		{B061F5F3-EF65-4A3C-8A8A-99032BA8D34C}.Debug|x86.ActiveCfg = Debug|Any CPU
		{B061F5F3-EF65-4A3C-8A8A-99032BA8D34C}.Release|Any CPU.ActiveCfg = Release|Any CPU
		{B061F5F3-EF65-4A3C-8A8A-99032BA8D34C}.Release|Any CPU.Build.0 = Release|Any CPU
		{B061F5F3-EF65-4A3C-8A8A-99032BA8D34C}.Release|Mixed Platforms.ActiveCfg = Release|Any CPU
		{B061F5F3-EF65-4A3C-8A8A-99032BA8D34C}.Release|Mixed Platforms.Build.0 = Release|Any CPU
		{B061F5F3-EF65-4A3C-8A8A-99032BA8D34C}.Release|x86.ActiveCfg = Release|Any CPU
		{97D2589C-456A-46FD-8E69-5ECE9D6D4A54}.Debug|Any CPU.ActiveCfg = Debug|x86
		{97D2589C-456A-46FD-8E69-5ECE9D6D4A54}.Debug|Mixed Platforms.ActiveCfg = Debug|x86
		{97D2589C-456A-46FD-8E69-5ECE9D6D4A54}.Debug|Mixed Platforms.Build.0 = Debug|x86
		{97D2589C-456A-46FD-8E69-5ECE9D6D4A54}.Debug|x86.ActiveCfg = Debug|x86
		{97D2589C-456A-46FD-8E69-5ECE9D6D4A54}.Debug|x86.Build.0 = Debug|x86
		{97D2589C-456A-46FD-8E69-5ECE9D6D4A54}.Release|Any CPU.ActiveCfg = Release|x86
		{97D2589C-456A-46FD-8E69-5ECE9D6D4A54}.Release|Mixed Platforms.ActiveCfg = Release|x86
		{97D2589C-456A-46FD-8E69-5ECE9D6D4A54}.Release|Mixed Platforms.Build.0 = Release|x86
		{97D2589C-456A-46FD-8E69-5ECE9D6D4A54}.Release|x86.ActiveCfg = Release|x86
		{97D2589C-456A-46FD-8E69-5ECE9D6D4A54}.Release|x86.Build.0 = Release|x86
	EndGlobalSection
	GlobalSection(SolutionProperties) = preSolution
		HideSolutionNode = FALSE
	EndGlobalSection
EndGlobal
