
Microsoft Visual Studio Solution File, Format Version 11.00
# Visual Studio 2010
Project("{F184B08F-C81C-45F6-A57F-5ABD9991F28F}") = "WpfApplication", "WpfApplication\WpfApplication.vbproj", "{BBD90D16-4FBB-4E5F-A036-D36DAA0197D0}"
EndProject
Global
	GlobalSection(SolutionConfigurationPlatforms) = preSolution
		Debug|x86 = Debug|x86
		Release|x86 = Release|x86
	EndGlobalSection
	GlobalSection(ProjectConfigurationPlatforms) = postSolution
		{BBD90D16-4FBB-4E5F-A036-D36DAA0197D0}.Debug|x86.ActiveCfg = Debug|x86
		{BBD90D16-4FBB-4E5F-A036-D36DAA0197D0}.Debug|x86.Build.0 = Debug|x86
		{BBD90D16-4FBB-4E5F-A036-D36DAA0197D0}.Release|x86.ActiveCfg = Release|x86
		{BBD90D16-4FBB-4E5F-A036-D36DAA0197D0}.Release|x86.Build.0 = Release|x86
	EndGlobalSection
	GlobalSection(SolutionProperties) = preSolution
		HideSolutionNode = FALSE
	EndGlobalSection
	GlobalSection(SpecExplorer.ActivityCompletionStatus) = preSolution
		SpecExplorer.ActivityCompletionStatus = 
	EndGlobalSection
EndGlobal
